
Microsoft Visual Studio Solution File, Format Version 12.00
# Visual Studio 15
VisualStudioVersion = 15.0.27004.2002
MinimumVisualStudioVersion = 10.0.40219.1
Project("{FAE04EC0-301F-11D3-BF4B-00C04F79EFBC}") = "AndroidClient", "TesteServicios1\TesteServicios1.Android\AndroidClient.csproj", "{96990230-A629-4B9D-A97A-ACB00DA62EE3}"
EndProject
Project("{FAE04EC0-301F-11D3-BF4B-00C04F79EFBC}") = "TesteServicios1", "TesteServicios1\TesteServicios1\TesteServicios1.csproj", "{9B30BE1E-E89A-47A2-8D47-7080A5E68913}"
EndProject
Project("{FAE04EC0-301F-11D3-BF4B-00C04F79EFBC}") = "TesteServicios1.UWP", "TesteServicios1\TesteServicios1.UWP\TesteServicios1.UWP.csproj", "{01F3A7C2-C86F-4AEE-B0DB-9F9E5037DC9B}"
EndProject
Project("{FAE04EC0-301F-11D3-BF4B-00C04F79EFBC}") = "TesteServicios1.iOS", "TesteServicios1\TesteServicios1.iOS\TesteServicios1.iOS.csproj", "{7F7AB697-9FB9-485C-A2F4-985BA87CB409}"
EndProject
Global
	GlobalSection(SolutionConfigurationPlatforms) = preSolution
		Ad-Hoc|Any CPU = Ad-Hoc|Any CPU
		Ad-Hoc|ARM = Ad-Hoc|ARM
		Ad-Hoc|iPhone = Ad-Hoc|iPhone
		Ad-Hoc|iPhoneSimulator = Ad-Hoc|iPhoneSimulator
		Ad-Hoc|x64 = Ad-Hoc|x64
		Ad-Hoc|x86 = Ad-Hoc|x86
		AppStore|Any CPU = AppStore|Any CPU
		AppStore|ARM = AppStore|ARM
		AppStore|iPhone = AppStore|iPhone
		AppStore|iPhoneSimulator = AppStore|iPhoneSimulator
		AppStore|x64 = AppStore|x64
		AppStore|x86 = AppStore|x86
		Debug|Any CPU = Debug|Any CPU
		Debug|ARM = Debug|ARM
		Debug|iPhone = Debug|iPhone
		Debug|iPhoneSimulator = Debug|iPhoneSimulator
		Debug|x64 = Debug|x64
		Debug|x86 = Debug|x86
		Release|Any CPU = Release|Any CPU
		Release|ARM = Release|ARM
		Release|iPhone = Release|iPhone
		Release|iPhoneSimulator = Release|iPhoneSimulator
		Release|x64 = Release|x64
		Release|x86 = Release|x86
	EndGlobalSection
	GlobalSection(ProjectConfigurationPlatforms) = postSolution
		{96990230-A629-4B9D-A97A-ACB00DA62EE3}.Ad-Hoc|Any CPU.ActiveCfg = Release|Any CPU
		{96990230-A629-4B9D-A97A-ACB00DA62EE3}.Ad-Hoc|Any CPU.Build.0 = Release|Any CPU
		{96990230-A629-4B9D-A97A-ACB00DA62EE3}.Ad-Hoc|Any CPU.Deploy.0 = Release|Any CPU
		{96990230-A629-4B9D-A97A-ACB00DA62EE3}.Ad-Hoc|ARM.ActiveCfg = Release|Any CPU
		{96990230-A629-4B9D-A97A-ACB00DA62EE3}.Ad-Hoc|ARM.Build.0 = Release|Any CPU
		{96990230-A629-4B9D-A97A-ACB00DA62EE3}.Ad-Hoc|ARM.Deploy.0 = Release|Any CPU
		{96990230-A629-4B9D-A97A-ACB00DA62EE3}.Ad-Hoc|iPhone.ActiveCfg = Release|Any CPU
		{96990230-A629-4B9D-A97A-ACB00DA62EE3}.Ad-Hoc|iPhone.Build.0 = Release|Any CPU
		{96990230-A629-4B9D-A97A-ACB00DA62EE3}.Ad-Hoc|iPhone.Deploy.0 = Release|Any CPU
		{96990230-A629-4B9D-A97A-ACB00DA62EE3}.Ad-Hoc|iPhoneSimulator.ActiveCfg = Release|Any CPU
		{96990230-A629-4B9D-A97A-ACB00DA62EE3}.Ad-Hoc|iPhoneSimulator.Build.0 = Release|Any CPU
		{96990230-A629-4B9D-A97A-ACB00DA62EE3}.Ad-Hoc|iPhoneSimulator.Deploy.0 = Release|Any CPU
		{96990230-A629-4B9D-A97A-ACB00DA62EE3}.Ad-Hoc|x64.ActiveCfg = Release|Any CPU
		{96990230-A629-4B9D-A97A-ACB00DA62EE3}.Ad-Hoc|x64.Build.0 = Release|Any CPU
		{96990230-A629-4B9D-A97A-ACB00DA62EE3}.Ad-Hoc|x64.Deploy.0 = Release|Any CPU
		{96990230-A629-4B9D-A97A-ACB00DA62EE3}.Ad-Hoc|x86.ActiveCfg = Release|Any CPU
		{96990230-A629-4B9D-A97A-ACB00DA62EE3}.Ad-Hoc|x86.Build.0 = Release|Any CPU
		{96990230-A629-4B9D-A97A-ACB00DA62EE3}.Ad-Hoc|x86.Deploy.0 = Release|Any CPU
		{96990230-A629-4B9D-A97A-ACB00DA62EE3}.AppStore|Any CPU.ActiveCfg = Release|Any CPU
		{96990230-A629-4B9D-A97A-ACB00DA62EE3}.AppStore|Any CPU.Build.0 = Release|Any CPU
		{96990230-A629-4B9D-A97A-ACB00DA62EE3}.AppStore|Any CPU.Deploy.0 = Release|Any CPU
		{96990230-A629-4B9D-A97A-ACB00DA62EE3}.AppStore|ARM.ActiveCfg = Release|Any CPU
		{96990230-A629-4B9D-A97A-ACB00DA62EE3}.AppStore|ARM.Build.0 = Release|Any CPU
		{96990230-A629-4B9D-A97A-ACB00DA62EE3}.AppStore|ARM.Deploy.0 = Release|Any CPU
		{96990230-A629-4B9D-A97A-ACB00DA62EE3}.AppStore|iPhone.ActiveCfg = Release|Any CPU
		{96990230-A629-4B9D-A97A-ACB00DA62EE3}.AppStore|iPhone.Build.0 = Release|Any CPU
		{96990230-A629-4B9D-A97A-ACB00DA62EE3}.AppStore|iPhone.Deploy.0 = Release|Any CPU
		{96990230-A629-4B9D-A97A-ACB00DA62EE3}.AppStore|iPhoneSimulator.ActiveCfg = Release|Any CPU
		{96990230-A629-4B9D-A97A-ACB00DA62EE3}.AppStore|iPhoneSimulator.Build.0 = Release|Any CPU
		{96990230-A629-4B9D-A97A-ACB00DA62EE3}.AppStore|iPhoneSimulator.Deploy.0 = Release|Any CPU
		{96990230-A629-4B9D-A97A-ACB00DA62EE3}.AppStore|x64.ActiveCfg = Release|Any CPU
		{96990230-A629-4B9D-A97A-ACB00DA62EE3}.AppStore|x64.Build.0 = Release|Any CPU
		{96990230-A629-4B9D-A97A-ACB00DA62EE3}.AppStore|x64.Deploy.0 = Release|Any CPU
		{96990230-A629-4B9D-A97A-ACB00DA62EE3}.AppStore|x86.ActiveCfg = Release|Any CPU
		{96990230-A629-4B9D-A97A-ACB00DA62EE3}.AppStore|x86.Build.0 = Release|Any CPU
		{96990230-A629-4B9D-A97A-ACB00DA62EE3}.AppStore|x86.Deploy.0 = Release|Any CPU
		{96990230-A629-4B9D-A97A-ACB00DA62EE3}.Debug|Any CPU.ActiveCfg = Debug|Any CPU
		{96990230-A629-4B9D-A97A-ACB00DA62EE3}.Debug|Any CPU.Build.0 = Debug|Any CPU
		{96990230-A629-4B9D-A97A-ACB00DA62EE3}.Debug|Any CPU.Deploy.0 = Debug|Any CPU
		{96990230-A629-4B9D-A97A-ACB00DA62EE3}.Debug|ARM.ActiveCfg = Debug|Any CPU
		{96990230-A629-4B9D-A97A-ACB00DA62EE3}.Debug|ARM.Build.0 = Debug|Any CPU
		{96990230-A629-4B9D-A97A-ACB00DA62EE3}.Debug|ARM.Deploy.0 = Debug|Any CPU
		{96990230-A629-4B9D-A97A-ACB00DA62EE3}.Debug|iPhone.ActiveCfg = Debug|Any CPU
		{96990230-A629-4B9D-A97A-ACB00DA62EE3}.Debug|iPhone.Build.0 = Debug|Any CPU
		{96990230-A629-4B9D-A97A-ACB00DA62EE3}.Debug|iPhone.Deploy.0 = Debug|Any CPU
		{96990230-A629-4B9D-A97A-ACB00DA62EE3}.Debug|iPhoneSimulator.ActiveCfg = Debug|Any CPU
		{96990230-A629-4B9D-A97A-ACB00DA62EE3}.Debug|iPhoneSimulator.Build.0 = Debug|Any CPU
		{96990230-A629-4B9D-A97A-ACB00DA62EE3}.Debug|iPhoneSimulator.Deploy.0 = Debug|Any CPU
		{96990230-A629-4B9D-A97A-ACB00DA62EE3}.Debug|x64.ActiveCfg = Debug|Any CPU
		{96990230-A629-4B9D-A97A-ACB00DA62EE3}.Debug|x64.Build.0 = Debug|Any CPU
		{96990230-A629-4B9D-A97A-ACB00DA62EE3}.Debug|x64.Deploy.0 = Debug|Any CPU
		{96990230-A629-4B9D-A97A-ACB00DA62EE3}.Debug|x86.ActiveCfg = Debug|Any CPU
		{96990230-A629-4B9D-A97A-ACB00DA62EE3}.Debug|x86.Build.0 = Debug|Any CPU
		{96990230-A629-4B9D-A97A-ACB00DA62EE3}.Debug|x86.Deploy.0 = Debug|Any CPU
		{96990230-A629-4B9D-A97A-ACB00DA62EE3}.Release|Any CPU.ActiveCfg = Release|Any CPU
		{96990230-A629-4B9D-A97A-ACB00DA62EE3}.Release|Any CPU.Build.0 = Release|Any CPU
		{96990230-A629-4B9D-A97A-ACB00DA62EE3}.Release|Any CPU.Deploy.0 = Release|Any CPU
		{96990230-A629-4B9D-A97A-ACB00DA62EE3}.Release|ARM.ActiveCfg = Release|Any CPU
		{96990230-A629-4B9D-A97A-ACB00DA62EE3}.Release|ARM.Build.0 = Release|Any CPU
		{96990230-A629-4B9D-A97A-ACB00DA62EE3}.Release|ARM.Deploy.0 = Release|Any CPU
		{96990230-A629-4B9D-A97A-ACB00DA62EE3}.Release|iPhone.ActiveCfg = Release|Any CPU
		{96990230-A629-4B9D-A97A-ACB00DA62EE3}.Release|iPhone.Build.0 = Release|Any CPU
		{96990230-A629-4B9D-A97A-ACB00DA62EE3}.Release|iPhone.Deploy.0 = Release|Any CPU
		{96990230-A629-4B9D-A97A-ACB00DA62EE3}.Release|iPhoneSimulator.ActiveCfg = Release|Any CPU
		{96990230-A629-4B9D-A97A-ACB00DA62EE3}.Release|iPhoneSimulator.Build.0 = Release|Any CPU
		{96990230-A629-4B9D-A97A-ACB00DA62EE3}.Release|iPhoneSimulator.Deploy.0 = Release|Any CPU
		{96990230-A629-4B9D-A97A-ACB00DA62EE3}.Release|x64.ActiveCfg = Release|Any CPU
		{96990230-A629-4B9D-A97A-ACB00DA62EE3}.Release|x64.Build.0 = Release|Any CPU
		{96990230-A629-4B9D-A97A-ACB00DA62EE3}.Release|x64.Deploy.0 = Release|Any CPU
		{96990230-A629-4B9D-A97A-ACB00DA62EE3}.Release|x86.ActiveCfg = Release|Any CPU
		{96990230-A629-4B9D-A97A-ACB00DA62EE3}.Release|x86.Build.0 = Release|Any CPU
		{96990230-A629-4B9D-A97A-ACB00DA62EE3}.Release|x86.Deploy.0 = Release|Any CPU
		{9B30BE1E-E89A-47A2-8D47-7080A5E68913}.Ad-Hoc|Any CPU.ActiveCfg = Release|Any CPU
		{9B30BE1E-E89A-47A2-8D47-7080A5E68913}.Ad-Hoc|Any CPU.Build.0 = Release|Any CPU
		{9B30BE1E-E89A-47A2-8D47-7080A5E68913}.Ad-Hoc|ARM.ActiveCfg = Release|Any CPU
		{9B30BE1E-E89A-47A2-8D47-7080A5E68913}.Ad-Hoc|ARM.Build.0 = Release|Any CPU
		{9B30BE1E-E89A-47A2-8D47-7080A5E68913}.Ad-Hoc|iPhone.ActiveCfg = Release|Any CPU
		{9B30BE1E-E89A-47A2-8D47-7080A5E68913}.Ad-Hoc|iPhone.Build.0 = Release|Any CPU
		{9B30BE1E-E89A-47A2-8D47-7080A5E68913}.Ad-Hoc|iPhoneSimulator.ActiveCfg = Release|Any CPU
		{9B30BE1E-E89A-47A2-8D47-7080A5E68913}.Ad-Hoc|iPhoneSimulator.Build.0 = Release|Any CPU
		{9B30BE1E-E89A-47A2-8D47-7080A5E68913}.Ad-Hoc|x64.ActiveCfg = Release|Any CPU
		{9B30BE1E-E89A-47A2-8D47-7080A5E68913}.Ad-Hoc|x64.Build.0 = Release|Any CPU
		{9B30BE1E-E89A-47A2-8D47-7080A5E68913}.Ad-Hoc|x86.ActiveCfg = Release|Any CPU
		{9B30BE1E-E89A-47A2-8D47-7080A5E68913}.Ad-Hoc|x86.Build.0 = Release|Any CPU
		{9B30BE1E-E89A-47A2-8D47-7080A5E68913}.AppStore|Any CPU.ActiveCfg = Release|Any CPU
		{9B30BE1E-E89A-47A2-8D47-7080A5E68913}.AppStore|Any CPU.Build.0 = Release|Any CPU
		{9B30BE1E-E89A-47A2-8D47-7080A5E68913}.AppStore|ARM.ActiveCfg = Release|Any CPU
		{9B30BE1E-E89A-47A2-8D47-7080A5E68913}.AppStore|ARM.Build.0 = Release|Any CPU
		{9B30BE1E-E89A-47A2-8D47-7080A5E68913}.AppStore|iPhone.ActiveCfg = Release|Any CPU
		{9B30BE1E-E89A-47A2-8D47-7080A5E68913}.AppStore|iPhone.Build.0 = Release|Any CPU
		{9B30BE1E-E89A-47A2-8D47-7080A5E68913}.AppStore|iPhoneSimulator.ActiveCfg = Release|Any CPU
		{9B30BE1E-E89A-47A2-8D47-7080A5E68913}.AppStore|iPhoneSimulator.Build.0 = Release|Any CPU
		{9B30BE1E-E89A-47A2-8D47-7080A5E68913}.AppStore|x64.ActiveCfg = Release|Any CPU
		{9B30BE1E-E89A-47A2-8D47-7080A5E68913}.AppStore|x64.Build.0 = Release|Any CPU
		{9B30BE1E-E89A-47A2-8D47-7080A5E68913}.AppStore|x86.ActiveCfg = Release|Any CPU
		{9B30BE1E-E89A-47A2-8D47-7080A5E68913}.AppStore|x86.Build.0 = Release|Any CPU
		{9B30BE1E-E89A-47A2-8D47-7080A5E68913}.Debug|Any CPU.ActiveCfg = Debug|Any CPU
		{9B30BE1E-E89A-47A2-8D47-7080A5E68913}.Debug|Any CPU.Build.0 = Debug|Any CPU
		{9B30BE1E-E89A-47A2-8D47-7080A5E68913}.Debug|ARM.ActiveCfg = Debug|Any CPU
		{9B30BE1E-E89A-47A2-8D47-7080A5E68913}.Debug|ARM.Build.0 = Debug|Any CPU
		{9B30BE1E-E89A-47A2-8D47-7080A5E68913}.Debug|iPhone.ActiveCfg = Debug|Any CPU
		{9B30BE1E-E89A-47A2-8D47-7080A5E68913}.Debug|iPhone.Build.0 = Debug|Any CPU
		{9B30BE1E-E89A-47A2-8D47-7080A5E68913}.Debug|iPhoneSimulator.ActiveCfg = Debug|Any CPU
		{9B30BE1E-E89A-47A2-8D47-7080A5E68913}.Debug|iPhoneSimulator.Build.0 = Debug|Any CPU
		{9B30BE1E-E89A-47A2-8D47-7080A5E68913}.Debug|x64.ActiveCfg = Debug|Any CPU
		{9B30BE1E-E89A-47A2-8D47-7080A5E68913}.Debug|x64.Build.0 = Debug|Any CPU
		{9B30BE1E-E89A-47A2-8D47-7080A5E68913}.Debug|x86.ActiveCfg = Debug|Any CPU
		{9B30BE1E-E89A-47A2-8D47-7080A5E68913}.Debug|x86.Build.0 = Debug|Any CPU
		{9B30BE1E-E89A-47A2-8D47-7080A5E68913}.Release|Any CPU.ActiveCfg = Release|Any CPU
		{9B30BE1E-E89A-47A2-8D47-7080A5E68913}.Release|Any CPU.Build.0 = Release|Any CPU
		{9B30BE1E-E89A-47A2-8D47-7080A5E68913}.Release|ARM.ActiveCfg = Release|Any CPU
		{9B30BE1E-E89A-47A2-8D47-7080A5E68913}.Release|ARM.Build.0 = Release|Any CPU
		{9B30BE1E-E89A-47A2-8D47-7080A5E68913}.Release|iPhone.ActiveCfg = Release|Any CPU
		{9B30BE1E-E89A-47A2-8D47-7080A5E68913}.Release|iPhone.Build.0 = Release|Any CPU
		{9B30BE1E-E89A-47A2-8D47-7080A5E68913}.Release|iPhoneSimulator.ActiveCfg = Release|Any CPU
		{9B30BE1E-E89A-47A2-8D47-7080A5E68913}.Release|iPhoneSimulator.Build.0 = Release|Any CPU
		{9B30BE1E-E89A-47A2-8D47-7080A5E68913}.Release|x64.ActiveCfg = Release|Any CPU
		{9B30BE1E-E89A-47A2-8D47-7080A5E68913}.Release|x64.Build.0 = Release|Any CPU
		{9B30BE1E-E89A-47A2-8D47-7080A5E68913}.Release|x86.ActiveCfg = Release|Any CPU
		{9B30BE1E-E89A-47A2-8D47-7080A5E68913}.Release|x86.Build.0 = Release|Any CPU
		{01F3A7C2-C86F-4AEE-B0DB-9F9E5037DC9B}.Ad-Hoc|Any CPU.ActiveCfg = Release|x86
		{01F3A7C2-C86F-4AEE-B0DB-9F9E5037DC9B}.Ad-Hoc|Any CPU.Build.0 = Release|x86
		{01F3A7C2-C86F-4AEE-B0DB-9F9E5037DC9B}.Ad-Hoc|Any CPU.Deploy.0 = Release|x86
		{01F3A7C2-C86F-4AEE-B0DB-9F9E5037DC9B}.Ad-Hoc|ARM.ActiveCfg = Release|ARM
		{01F3A7C2-C86F-4AEE-B0DB-9F9E5037DC9B}.Ad-Hoc|ARM.Build.0 = Release|ARM
		{01F3A7C2-C86F-4AEE-B0DB-9F9E5037DC9B}.Ad-Hoc|ARM.Deploy.0 = Release|ARM
		{01F3A7C2-C86F-4AEE-B0DB-9F9E5037DC9B}.Ad-Hoc|iPhone.ActiveCfg = Release|x86
		{01F3A7C2-C86F-4AEE-B0DB-9F9E5037DC9B}.Ad-Hoc|iPhone.Build.0 = Release|x86
		{01F3A7C2-C86F-4AEE-B0DB-9F9E5037DC9B}.Ad-Hoc|iPhone.Deploy.0 = Release|x86
		{01F3A7C2-C86F-4AEE-B0DB-9F9E5037DC9B}.Ad-Hoc|iPhoneSimulator.ActiveCfg = Release|x86
		{01F3A7C2-C86F-4AEE-B0DB-9F9E5037DC9B}.Ad-Hoc|iPhoneSimulator.Build.0 = Release|x86
		{01F3A7C2-C86F-4AEE-B0DB-9F9E5037DC9B}.Ad-Hoc|iPhoneSimulator.Deploy.0 = Release|x86
		{01F3A7C2-C86F-4AEE-B0DB-9F9E5037DC9B}.Ad-Hoc|x64.ActiveCfg = Release|x64
		{01F3A7C2-C86F-4AEE-B0DB-9F9E5037DC9B}.Ad-Hoc|x64.Build.0 = Release|x64
		{01F3A7C2-C86F-4AEE-B0DB-9F9E5037DC9B}.Ad-Hoc|x64.Deploy.0 = Release|x64
		{01F3A7C2-C86F-4AEE-B0DB-9F9E5037DC9B}.Ad-Hoc|x86.ActiveCfg = Release|x86
		{01F3A7C2-C86F-4AEE-B0DB-9F9E5037DC9B}.Ad-Hoc|x86.Build.0 = Release|x86
		{01F3A7C2-C86F-4AEE-B0DB-9F9E5037DC9B}.Ad-Hoc|x86.Deploy.0 = Release|x86
		{01F3A7C2-C86F-4AEE-B0DB-9F9E5037DC9B}.AppStore|Any CPU.ActiveCfg = Release|x86
		{01F3A7C2-C86F-4AEE-B0DB-9F9E5037DC9B}.AppStore|Any CPU.Build.0 = Release|x86
		{01F3A7C2-C86F-4AEE-B0DB-9F9E5037DC9B}.AppStore|Any CPU.Deploy.0 = Release|x86
		{01F3A7C2-C86F-4AEE-B0DB-9F9E5037DC9B}.AppStore|ARM.ActiveCfg = Release|ARM
		{01F3A7C2-C86F-4AEE-B0DB-9F9E5037DC9B}.AppStore|ARM.Build.0 = Release|ARM
		{01F3A7C2-C86F-4AEE-B0DB-9F9E5037DC9B}.AppStore|ARM.Deploy.0 = Release|ARM
		{01F3A7C2-C86F-4AEE-B0DB-9F9E5037DC9B}.AppStore|iPhone.ActiveCfg = Release|x86
		{01F3A7C2-C86F-4AEE-B0DB-9F9E5037DC9B}.AppStore|iPhone.Build.0 = Release|x86
		{01F3A7C2-C86F-4AEE-B0DB-9F9E5037DC9B}.AppStore|iPhone.Deploy.0 = Release|x86
		{01F3A7C2-C86F-4AEE-B0DB-9F9E5037DC9B}.AppStore|iPhoneSimulator.ActiveCfg = Release|x86
		{01F3A7C2-C86F-4AEE-B0DB-9F9E5037DC9B}.AppStore|iPhoneSimulator.Build.0 = Release|x86
		{01F3A7C2-C86F-4AEE-B0DB-9F9E5037DC9B}.AppStore|iPhoneSimulator.Deploy.0 = Release|x86
		{01F3A7C2-C86F-4AEE-B0DB-9F9E5037DC9B}.AppStore|x64.ActiveCfg = Release|x64
		{01F3A7C2-C86F-4AEE-B0DB-9F9E5037DC9B}.AppStore|x64.Build.0 = Release|x64
		{01F3A7C2-C86F-4AEE-B0DB-9F9E5037DC9B}.AppStore|x64.Deploy.0 = Release|x64
		{01F3A7C2-C86F-4AEE-B0DB-9F9E5037DC9B}.AppStore|x86.ActiveCfg = Release|x86
		{01F3A7C2-C86F-4AEE-B0DB-9F9E5037DC9B}.AppStore|x86.Build.0 = Release|x86
		{01F3A7C2-C86F-4AEE-B0DB-9F9E5037DC9B}.AppStore|x86.Deploy.0 = Release|x86
		{01F3A7C2-C86F-4AEE-B0DB-9F9E5037DC9B}.Debug|Any CPU.ActiveCfg = Debug|x86
		{01F3A7C2-C86F-4AEE-B0DB-9F9E5037DC9B}.Debug|ARM.ActiveCfg = Debug|ARM
		{01F3A7C2-C86F-4AEE-B0DB-9F9E5037DC9B}.Debug|ARM.Build.0 = Debug|ARM
		{01F3A7C2-C86F-4AEE-B0DB-9F9E5037DC9B}.Debug|ARM.Deploy.0 = Debug|ARM
		{01F3A7C2-C86F-4AEE-B0DB-9F9E5037DC9B}.Debug|iPhone.ActiveCfg = Debug|x86
		{01F3A7C2-C86F-4AEE-B0DB-9F9E5037DC9B}.Debug|iPhoneSimulator.ActiveCfg = Debug|x86
		{01F3A7C2-C86F-4AEE-B0DB-9F9E5037DC9B}.Debug|x64.ActiveCfg = Debug|x64
		{01F3A7C2-C86F-4AEE-B0DB-9F9E5037DC9B}.Debug|x64.Build.0 = Debug|x64
		{01F3A7C2-C86F-4AEE-B0DB-9F9E5037DC9B}.Debug|x64.Deploy.0 = Debug|x64
		{01F3A7C2-C86F-4AEE-B0DB-9F9E5037DC9B}.Debug|x86.ActiveCfg = Debug|x86
		{01F3A7C2-C86F-4AEE-B0DB-9F9E5037DC9B}.Debug|x86.Build.0 = Debug|x86
		{01F3A7C2-C86F-4AEE-B0DB-9F9E5037DC9B}.Debug|x86.Deploy.0 = Debug|x86
		{01F3A7C2-C86F-4AEE-B0DB-9F9E5037DC9B}.Release|Any CPU.ActiveCfg = Release|x86
		{01F3A7C2-C86F-4AEE-B0DB-9F9E5037DC9B}.Release|ARM.ActiveCfg = Release|ARM
		{01F3A7C2-C86F-4AEE-B0DB-9F9E5037DC9B}.Release|ARM.Build.0 = Release|ARM
		{01F3A7C2-C86F-4AEE-B0DB-9F9E5037DC9B}.Release|ARM.Deploy.0 = Release|ARM
		{01F3A7C2-C86F-4AEE-B0DB-9F9E5037DC9B}.Release|iPhone.ActiveCfg = Release|x86
		{01F3A7C2-C86F-4AEE-B0DB-9F9E5037DC9B}.Release|iPhoneSimulator.ActiveCfg = Release|x86
		{01F3A7C2-C86F-4AEE-B0DB-9F9E5037DC9B}.Release|x64.ActiveCfg = Release|x64
		{01F3A7C2-C86F-4AEE-B0DB-9F9E5037DC9B}.Release|x64.Build.0 = Release|x64
		{01F3A7C2-C86F-4AEE-B0DB-9F9E5037DC9B}.Release|x64.Deploy.0 = Release|x64
		{01F3A7C2-C86F-4AEE-B0DB-9F9E5037DC9B}.Release|x86.ActiveCfg = Release|x86
		{01F3A7C2-C86F-4AEE-B0DB-9F9E5037DC9B}.Release|x86.Build.0 = Release|x86
		{01F3A7C2-C86F-4AEE-B0DB-9F9E5037DC9B}.Release|x86.Deploy.0 = Release|x86
		{7F7AB697-9FB9-485C-A2F4-985BA87CB409}.Ad-Hoc|Any CPU.ActiveCfg = Ad-Hoc|iPhoneSimulator
		{7F7AB697-9FB9-485C-A2F4-985BA87CB409}.Ad-Hoc|ARM.ActiveCfg = Ad-Hoc|iPhone
		{7F7AB697-9FB9-485C-A2F4-985BA87CB409}.Ad-Hoc|iPhone.ActiveCfg = Ad-Hoc|iPhone
		{7F7AB697-9FB9-485C-A2F4-985BA87CB409}.Ad-Hoc|iPhone.Build.0 = Ad-Hoc|iPhone
		{7F7AB697-9FB9-485C-A2F4-985BA87CB409}.Ad-Hoc|iPhoneSimulator.ActiveCfg = Ad-Hoc|iPhoneSimulator
		{7F7AB697-9FB9-485C-A2F4-985BA87CB409}.Ad-Hoc|iPhoneSimulator.Build.0 = Ad-Hoc|iPhoneSimulator
		{7F7AB697-9FB9-485C-A2F4-985BA87CB409}.Ad-Hoc|x64.ActiveCfg = Ad-Hoc|iPhone
		{7F7AB697-9FB9-485C-A2F4-985BA87CB409}.Ad-Hoc|x86.ActiveCfg = Ad-Hoc|iPhone
		{7F7AB697-9FB9-485C-A2F4-985BA87CB409}.AppStore|Any CPU.ActiveCfg = AppStore|iPhoneSimulator
		{7F7AB697-9FB9-485C-A2F4-985BA87CB409}.AppStore|ARM.ActiveCfg = AppStore|iPhone
		{7F7AB697-9FB9-485C-A2F4-985BA87CB409}.AppStore|iPhone.ActiveCfg = AppStore|iPhone
		{7F7AB697-9FB9-485C-A2F4-985BA87CB409}.AppStore|iPhone.Build.0 = AppStore|iPhone
		{7F7AB697-9FB9-485C-A2F4-985BA87CB409}.AppStore|iPhoneSimulator.ActiveCfg = AppStore|iPhoneSimulator
		{7F7AB697-9FB9-485C-A2F4-985BA87CB409}.AppStore|iPhoneSimulator.Build.0 = AppStore|iPhoneSimulator
		{7F7AB697-9FB9-485C-A2F4-985BA87CB409}.AppStore|x64.ActiveCfg = AppStore|iPhone
		{7F7AB697-9FB9-485C-A2F4-985BA87CB409}.AppStore|x86.ActiveCfg = AppStore|iPhone
		{7F7AB697-9FB9-485C-A2F4-985BA87CB409}.Debug|Any CPU.ActiveCfg = Debug|iPhoneSimulator
		{7F7AB697-9FB9-485C-A2F4-985BA87CB409}.Debug|ARM.ActiveCfg = Debug|iPhone
		{7F7AB697-9FB9-485C-A2F4-985BA87CB409}.Debug|iPhone.ActiveCfg = Debug|iPhone
		{7F7AB697-9FB9-485C-A2F4-985BA87CB409}.Debug|iPhone.Build.0 = Debug|iPhone
		{7F7AB697-9FB9-485C-A2F4-985BA87CB409}.Debug|iPhoneSimulator.ActiveCfg = Debug|iPhoneSimulator
		{7F7AB697-9FB9-485C-A2F4-985BA87CB409}.Debug|iPhoneSimulator.Build.0 = Debug|iPhoneSimulator
		{7F7AB697-9FB9-485C-A2F4-985BA87CB409}.Debug|x64.ActiveCfg = Debug|iPhone
		{7F7AB697-9FB9-485C-A2F4-985BA87CB409}.Debug|x86.ActiveCfg = Debug|iPhone
		{7F7AB697-9FB9-485C-A2F4-985BA87CB409}.Release|Any CPU.ActiveCfg = Release|iPhoneSimulator
		{7F7AB697-9FB9-485C-A2F4-985BA87CB409}.Release|ARM.ActiveCfg = Release|iPhone
		{7F7AB697-9FB9-485C-A2F4-985BA87CB409}.Release|iPhone.ActiveCfg = Release|iPhone
		{7F7AB697-9FB9-485C-A2F4-985BA87CB409}.Release|iPhone.Build.0 = Release|iPhone
		{7F7AB697-9FB9-485C-A2F4-985BA87CB409}.Release|iPhoneSimulator.ActiveCfg = Release|iPhoneSimulator
		{7F7AB697-9FB9-485C-A2F4-985BA87CB409}.Release|iPhoneSimulator.Build.0 = Release|iPhoneSimulator
		{7F7AB697-9FB9-485C-A2F4-985BA87CB409}.Release|x64.ActiveCfg = Release|iPhone
		{7F7AB697-9FB9-485C-A2F4-985BA87CB409}.Release|x86.ActiveCfg = Release|iPhone
	EndGlobalSection
	GlobalSection(SolutionProperties) = preSolution
		HideSolutionNode = FALSE
	EndGlobalSection
	GlobalSection(ExtensibilityGlobals) = postSolution
		SolutionGuid = {6781B501-7B6D-4BDD-88D8-4DB14F8745BE}
	EndGlobalSection
EndGlobal
